
Microsoft Visual Studio Solution File, Format Version 12.00
# Visual Studio 14
VisualStudioVersion = 14.0.25420.1
MinimumVisualStudioVersion = 10.0.40219.1
Project("{FAE04EC0-301F-11D3-BF4B-00C04F79EFBC}") = "MySoft", "MySoft\MySoft.csproj", "{CA3415B0-5EC6-4DFA-9C13-81452F9D02CE}"
EndProject
Project("{2150E333-8FDC-42A3-9474-1A3956D46DE8}") = "Service", "Service", "{8B209028-5847-4819-87D7-0AB131DB6B30}"
EndProject
Project("{FAE04EC0-301F-11D3-BF4B-00C04F79EFBC}") = "users", "users\users.csproj", "{E17A9760-6245-4F16-8E73-EF4E2949D938}"
EndProject
Project("{2150E333-8FDC-42A3-9474-1A3956D46DE8}") = "Tools", "Tools", "{03B9A427-E72E-49C6-83F2-E4876994FAAA}"
EndProject
Project("{FAE04EC0-301F-11D3-BF4B-00C04F79EFBC}") = "Tools.Ioc.Unity", "Tools.Ioc.Unity\Tools.Ioc.Unity.csproj", "{2BF215BC-90DB-4841-AFD8-AE146F47C62A}"
EndProject
Global
	GlobalSection(SolutionConfigurationPlatforms) = preSolution
		Debug|Any CPU = Debug|Any CPU
		Release|Any CPU = Release|Any CPU
	EndGlobalSection
	GlobalSection(ProjectConfigurationPlatforms) = postSolution
		{CA3415B0-5EC6-4DFA-9C13-81452F9D02CE}.Debug|Any CPU.ActiveCfg = Debug|Any CPU
		{CA3415B0-5EC6-4DFA-9C13-81452F9D02CE}.Debug|Any CPU.Build.0 = Debug|Any CPU
		{CA3415B0-5EC6-4DFA-9C13-81452F9D02CE}.Release|Any CPU.ActiveCfg = Release|Any CPU
		{CA3415B0-5EC6-4DFA-9C13-81452F9D02CE}.Release|Any CPU.Build.0 = Release|Any CPU
		{E17A9760-6245-4F16-8E73-EF4E2949D938}.Debug|Any CPU.ActiveCfg = Debug|Any CPU
		{E17A9760-6245-4F16-8E73-EF4E2949D938}.Debug|Any CPU.Build.0 = Debug|Any CPU
		{E17A9760-6245-4F16-8E73-EF4E2949D938}.Release|Any CPU.ActiveCfg = Release|Any CPU
		{E17A9760-6245-4F16-8E73-EF4E2949D938}.Release|Any CPU.Build.0 = Release|Any CPU
		{2BF215BC-90DB-4841-AFD8-AE146F47C62A}.Debug|Any CPU.ActiveCfg = Debug|Any CPU
		{2BF215BC-90DB-4841-AFD8-AE146F47C62A}.Debug|Any CPU.Build.0 = Debug|Any CPU
		{2BF215BC-90DB-4841-AFD8-AE146F47C62A}.Release|Any CPU.ActiveCfg = Release|Any CPU
		{2BF215BC-90DB-4841-AFD8-AE146F47C62A}.Release|Any CPU.Build.0 = Release|Any CPU
	EndGlobalSection
	GlobalSection(SolutionProperties) = preSolution
		HideSolutionNode = FALSE
	EndGlobalSection
	GlobalSection(NestedProjects) = preSolution
		{E17A9760-6245-4F16-8E73-EF4E2949D938} = {8B209028-5847-4819-87D7-0AB131DB6B30}
		{2BF215BC-90DB-4841-AFD8-AE146F47C62A} = {03B9A427-E72E-49C6-83F2-E4876994FAAA}
	EndGlobalSection
EndGlobal
